
Microsoft Visual Studio Solution File, Format Version 12.00
# Visual Studio 15
VisualStudioVersion = 15.0.26124.0
MinimumVisualStudioVersion = 15.0.26124.0
Project("{2150E333-8FDC-42A3-9474-1A3956D46DE8}") = "src", "src", "{9C716EEF-BD7C-431A-BA8F-76316F7B2103}"
EndProject
Project("{FAE04EC0-301F-11D3-BF4B-00C04F79EFBC}") = "Web", "src\Web\Web.csproj", "{E953FB13-1098-448A-9741-A0216095130F}"
EndProject
Project("{2150E333-8FDC-42A3-9474-1A3956D46DE8}") = "tests", "tests", "{D41D11BC-4C85-40B6-B193-8D312E97D03F}"
EndProject
Project("{FAE04EC0-301F-11D3-BF4B-00C04F79EFBC}") = "Web.Testing", "tests\Web.Testing\Web.Testing.csproj", "{9714A9B7-50B4-4D2D-89D9-7849CE3412DA}"
EndProject
Project("{FAE04EC0-301F-11D3-BF4B-00C04F79EFBC}") = "Web.ApiTests", "tests\Web.ApiTests\Web.ApiTests.csproj", "{543F5F2A-70A5-41F2-B6D4-2E3ADA494F53}"
EndProject
Project("{FAE04EC0-301F-11D3-BF4B-00C04F79EFBC}") = "Web.E2ESmokeTests", "tests\Web.E2ESmokeTests\Web.E2ESmokeTests.csproj", "{B6D078A5-4E19-4684-B8E4-27D5B4AC9D9D}"
EndProject
Project("{FAE04EC0-301F-11D3-BF4B-00C04F79EFBC}") = "Web.IntegrationTests", "tests\Web.IntegrationTests\Web.IntegrationTests.csproj", "{F560D643-9A41-458C-8601-D3C166F3CF77}"
EndProject
Project("{FAE04EC0-301F-11D3-BF4B-00C04F79EFBC}") = "Web.PerformanceTests", "tests\Web.PerformanceTests\Web.PerformanceTests.csproj", "{9D51E5D2-E8FC-4E68-ACAD-E38464B97B0F}"
EndProject
Global
	GlobalSection(SolutionConfigurationPlatforms) = preSolution
		Debug|Any CPU = Debug|Any CPU
		Debug|x64 = Debug|x64
		Debug|x86 = Debug|x86
		Release|Any CPU = Release|Any CPU
		Release|x64 = Release|x64
		Release|x86 = Release|x86
	EndGlobalSection
	GlobalSection(SolutionProperties) = preSolution
		HideSolutionNode = FALSE
	EndGlobalSection
	GlobalSection(ProjectConfigurationPlatforms) = postSolution
		{E953FB13-1098-448A-9741-A0216095130F}.Debug|Any CPU.ActiveCfg = Debug|Any CPU
		{E953FB13-1098-448A-9741-A0216095130F}.Debug|Any CPU.Build.0 = Debug|Any CPU
		{E953FB13-1098-448A-9741-A0216095130F}.Debug|x64.ActiveCfg = Debug|Any CPU
		{E953FB13-1098-448A-9741-A0216095130F}.Debug|x64.Build.0 = Debug|Any CPU
		{E953FB13-1098-448A-9741-A0216095130F}.Debug|x86.ActiveCfg = Debug|Any CPU
		{E953FB13-1098-448A-9741-A0216095130F}.Debug|x86.Build.0 = Debug|Any CPU
		{E953FB13-1098-448A-9741-A0216095130F}.Release|Any CPU.ActiveCfg = Release|Any CPU
		{E953FB13-1098-448A-9741-A0216095130F}.Release|Any CPU.Build.0 = Release|Any CPU
		{E953FB13-1098-448A-9741-A0216095130F}.Release|x64.ActiveCfg = Release|Any CPU
		{E953FB13-1098-448A-9741-A0216095130F}.Release|x64.Build.0 = Release|Any CPU
		{E953FB13-1098-448A-9741-A0216095130F}.Release|x86.ActiveCfg = Release|Any CPU
		{E953FB13-1098-448A-9741-A0216095130F}.Release|x86.Build.0 = Release|Any CPU
		{9714A9B7-50B4-4D2D-89D9-7849CE3412DA}.Debug|Any CPU.ActiveCfg = Debug|Any CPU
		{9714A9B7-50B4-4D2D-89D9-7849CE3412DA}.Debug|Any CPU.Build.0 = Debug|Any CPU
		{9714A9B7-50B4-4D2D-89D9-7849CE3412DA}.Debug|x64.ActiveCfg = Debug|Any CPU
		{9714A9B7-50B4-4D2D-89D9-7849CE3412DA}.Debug|x64.Build.0 = Debug|Any CPU
		{9714A9B7-50B4-4D2D-89D9-7849CE3412DA}.Debug|x86.ActiveCfg = Debug|Any CPU
		{9714A9B7-50B4-4D2D-89D9-7849CE3412DA}.Debug|x86.Build.0 = Debug|Any CPU
		{9714A9B7-50B4-4D2D-89D9-7849CE3412DA}.Release|Any CPU.ActiveCfg = Release|Any CPU
		{9714A9B7-50B4-4D2D-89D9-7849CE3412DA}.Release|Any CPU.Build.0 = Release|Any CPU
		{9714A9B7-50B4-4D2D-89D9-7849CE3412DA}.Release|x64.ActiveCfg = Release|Any CPU
		{9714A9B7-50B4-4D2D-89D9-7849CE3412DA}.Release|x64.Build.0 = Release|Any CPU
		{9714A9B7-50B4-4D2D-89D9-7849CE3412DA}.Release|x86.ActiveCfg = Release|Any CPU
		{9714A9B7-50B4-4D2D-89D9-7849CE3412DA}.Release|x86.Build.0 = Release|Any CPU
		{543F5F2A-70A5-41F2-B6D4-2E3ADA494F53}.Debug|Any CPU.ActiveCfg = Debug|Any CPU
		{543F5F2A-70A5-41F2-B6D4-2E3ADA494F53}.Debug|Any CPU.Build.0 = Debug|Any CPU
		{543F5F2A-70A5-41F2-B6D4-2E3ADA494F53}.Debug|x64.ActiveCfg = Debug|Any CPU
		{543F5F2A-70A5-41F2-B6D4-2E3ADA494F53}.Debug|x64.Build.0 = Debug|Any CPU
		{543F5F2A-70A5-41F2-B6D4-2E3ADA494F53}.Debug|x86.ActiveCfg = Debug|Any CPU
		{543F5F2A-70A5-41F2-B6D4-2E3ADA494F53}.Debug|x86.Build.0 = Debug|Any CPU
		{543F5F2A-70A5-41F2-B6D4-2E3ADA494F53}.Release|Any CPU.ActiveCfg = Release|Any CPU
		{543F5F2A-70A5-41F2-B6D4-2E3ADA494F53}.Release|Any CPU.Build.0 = Release|Any CPU
		{543F5F2A-70A5-41F2-B6D4-2E3ADA494F53}.Release|x64.ActiveCfg = Release|Any CPU
		{543F5F2A-70A5-41F2-B6D4-2E3ADA494F53}.Release|x64.Build.0 = Release|Any CPU
		{543F5F2A-70A5-41F2-B6D4-2E3ADA494F53}.Release|x86.ActiveCfg = Release|Any CPU
		{543F5F2A-70A5-41F2-B6D4-2E3ADA494F53}.Release|x86.Build.0 = Release|Any CPU
		{B6D078A5-4E19-4684-B8E4-27D5B4AC9D9D}.Debug|Any CPU.ActiveCfg = Debug|Any CPU
		{B6D078A5-4E19-4684-B8E4-27D5B4AC9D9D}.Debug|Any CPU.Build.0 = Debug|Any CPU
		{B6D078A5-4E19-4684-B8E4-27D5B4AC9D9D}.Debug|x64.ActiveCfg = Debug|Any CPU
		{B6D078A5-4E19-4684-B8E4-27D5B4AC9D9D}.Debug|x64.Build.0 = Debug|Any CPU
		{B6D078A5-4E19-4684-B8E4-27D5B4AC9D9D}.Debug|x86.ActiveCfg = Debug|Any CPU
		{B6D078A5-4E19-4684-B8E4-27D5B4AC9D9D}.Debug|x86.Build.0 = Debug|Any CPU
		{B6D078A5-4E19-4684-B8E4-27D5B4AC9D9D}.Release|Any CPU.ActiveCfg = Release|Any CPU
		{B6D078A5-4E19-4684-B8E4-27D5B4AC9D9D}.Release|Any CPU.Build.0 = Release|Any CPU
		{B6D078A5-4E19-4684-B8E4-27D5B4AC9D9D}.Release|x64.ActiveCfg = Release|Any CPU
		{B6D078A5-4E19-4684-B8E4-27D5B4AC9D9D}.Release|x64.Build.0 = Release|Any CPU
		{B6D078A5-4E19-4684-B8E4-27D5B4AC9D9D}.Release|x86.ActiveCfg = Release|Any CPU
		{B6D078A5-4E19-4684-B8E4-27D5B4AC9D9D}.Release|x86.Build.0 = Release|Any CPU
		{F560D643-9A41-458C-8601-D3C166F3CF77}.Debug|Any CPU.ActiveCfg = Debug|Any CPU
		{F560D643-9A41-458C-8601-D3C166F3CF77}.Debug|Any CPU.Build.0 = Debug|Any CPU
		{F560D643-9A41-458C-8601-D3C166F3CF77}.Debug|x64.ActiveCfg = Debug|Any CPU
		{F560D643-9A41-458C-8601-D3C166F3CF77}.Debug|x64.Build.0 = Debug|Any CPU
		{F560D643-9A41-458C-8601-D3C166F3CF77}.Debug|x86.ActiveCfg = Debug|Any CPU
		{F560D643-9A41-458C-8601-D3C166F3CF77}.Debug|x86.Build.0 = Debug|Any CPU
		{F560D643-9A41-458C-8601-D3C166F3CF77}.Release|Any CPU.ActiveCfg = Release|Any CPU
		{F560D643-9A41-458C-8601-D3C166F3CF77}.Release|Any CPU.Build.0 = Release|Any CPU
		{F560D643-9A41-458C-8601-D3C166F3CF77}.Release|x64.ActiveCfg = Release|Any CPU
		{F560D643-9A41-458C-8601-D3C166F3CF77}.Release|x64.Build.0 = Release|Any CPU
		{F560D643-9A41-458C-8601-D3C166F3CF77}.Release|x86.ActiveCfg = Release|Any CPU
		{F560D643-9A41-458C-8601-D3C166F3CF77}.Release|x86.Build.0 = Release|Any CPU
		{9D51E5D2-E8FC-4E68-ACAD-E38464B97B0F}.Debug|Any CPU.ActiveCfg = Debug|Any CPU
		{9D51E5D2-E8FC-4E68-ACAD-E38464B97B0F}.Debug|Any CPU.Build.0 = Debug|Any CPU
		{9D51E5D2-E8FC-4E68-ACAD-E38464B97B0F}.Debug|x64.ActiveCfg = Debug|Any CPU
		{9D51E5D2-E8FC-4E68-ACAD-E38464B97B0F}.Debug|x64.Build.0 = Debug|Any CPU
		{9D51E5D2-E8FC-4E68-ACAD-E38464B97B0F}.Debug|x86.ActiveCfg = Debug|Any CPU
		{9D51E5D2-E8FC-4E68-ACAD-E38464B97B0F}.Debug|x86.Build.0 = Debug|Any CPU
		{9D51E5D2-E8FC-4E68-ACAD-E38464B97B0F}.Release|Any CPU.ActiveCfg = Release|Any CPU
		{9D51E5D2-E8FC-4E68-ACAD-E38464B97B0F}.Release|Any CPU.Build.0 = Release|Any CPU
		{9D51E5D2-E8FC-4E68-ACAD-E38464B97B0F}.Release|x64.ActiveCfg = Release|Any CPU
		{9D51E5D2-E8FC-4E68-ACAD-E38464B97B0F}.Release|x64.Build.0 = Release|Any CPU
		{9D51E5D2-E8FC-4E68-ACAD-E38464B97B0F}.Release|x86.ActiveCfg = Release|Any CPU
		{9D51E5D2-E8FC-4E68-ACAD-E38464B97B0F}.Release|x86.Build.0 = Release|Any CPU
	EndGlobalSection
	GlobalSection(NestedProjects) = preSolution
		{E953FB13-1098-448A-9741-A0216095130F} = {9C716EEF-BD7C-431A-BA8F-76316F7B2103}
		{9714A9B7-50B4-4D2D-89D9-7849CE3412DA} = {D41D11BC-4C85-40B6-B193-8D312E97D03F}
		{543F5F2A-70A5-41F2-B6D4-2E3ADA494F53} = {D41D11BC-4C85-40B6-B193-8D312E97D03F}
		{B6D078A5-4E19-4684-B8E4-27D5B4AC9D9D} = {D41D11BC-4C85-40B6-B193-8D312E97D03F}
		{F560D643-9A41-458C-8601-D3C166F3CF77} = {D41D11BC-4C85-40B6-B193-8D312E97D03F}
		{9D51E5D2-E8FC-4E68-ACAD-E38464B97B0F} = {D41D11BC-4C85-40B6-B193-8D312E97D03F}
	EndGlobalSection
EndGlobal
